<?xml version="1.0" encoding="utf-8"?>
<Project ToolsVersion="4.0" xmlns="http://schemas.microsoft.com/developer/msbuild/2003">
  <ItemGroup>
    <Filter Include="Source Files">
      <UniqueIdentifier>{4FC737F1-C7A5-4376-A066-2A32D752A2FF}</UniqueIdentifier>
      <Extensions>cpp;c;cc;cxx;c++;cppm;ixx;def;odl;idl;hpj;bat;asm;asmx</Extensions>
    </Filter>
    <Filter Include="Camera">
      <UniqueIdentifier>{c6f38401-7c8c-47e6-8415-590048876612}</UniqueIdentifier>
    </Filter>
    <Filter Include="imgui">
      <UniqueIdentifier>{ec0e2d7b-a239-4d8f-aa6e-7158385118eb}</UniqueIdentifier>
    </Filter>
    <Filter Include="Light">
      <UniqueIdentifier>{8bc6992c-82fe-43e5-8b2f-eda3b779c110}</UniqueIdentifier>
    </Filter>
    <Filter Include="Scene">
      <UniqueIdentifier>{fd6bf510-492b-421a-b828-58ab23b0b5ae}</UniqueIdentifier>
    </Filter>
    <Filter Include="Animation">
      <UniqueIdentifier>{dccddf09-2992-4ad2-956e-7a568a22d87d}</UniqueIdentifier>
    </Filter>
    <Filter Include="Map">
      <UniqueIdentifier>{766c04b9-247a-4af6-a2ce-ba43a5e1401b}</UniqueIdentifier>
    </Filter>
    <Filter Include="Render System">
      <UniqueIdentifier>{d4746e6d-f728-402c-98e1-074f6728043c}</UniqueIdentifier>
    </Filter>
    <Filter Include="RNG">
      <UniqueIdentifier>{bd7bea6c-773a-4d41-be8e-bd0804d08edc}</UniqueIdentifier>
    </Filter>
    <Filter Include="Particles">
      <UniqueIdentifier>{311beb57-ae00-4139-b099-2e3c18a44a46}</UniqueIdentifier>
    </Filter>
    <Filter Include="Render System\Model">
      <UniqueIdentifier>{3973b097-7a50-4520-919d-6df2c87a0550}</UniqueIdentifier>
    </Filter>
    <Filter Include="UI">
      <UniqueIdentifier>{1b8e4f65-1453-4878-a894-756d267d7e04}</UniqueIdentifier>
    </Filter>
    <Filter Include="Shaders">
      <UniqueIdentifier>{67DA6AB6-F800-4c08-8B7A-83BB121AAD01}</UniqueIdentifier>
      <Extensions>rc;ico;cur;bmp;dlg;rc2;rct;bin;rgs;gif;jpg;jpeg;jpe;resx;tiff;tif;png;wav;mfcribbon-ms</Extensions>
    </Filter>
    <Filter Include="Entity">
      <UniqueIdentifier>{45e84ef8-2c28-4877-b8b7-132eb537470d}</UniqueIdentifier>
    </Filter>
    <Filter Include="Entity\Character">
      <UniqueIdentifier>{2cda900d-6d06-49b2-916b-ee5c17f14b47}</UniqueIdentifier>
    </Filter>
    <Filter Include="Globals">
      <UniqueIdentifier>{bc6c6b07-fea1-48f3-847f-6ac28a200d0c}</UniqueIdentifier>
    </Filter>
    <Filter Include="Input">
      <UniqueIdentifier>{4a2235ad-122c-4759-95c6-23ac8d771e56}</UniqueIdentifier>
    </Filter>
  </ItemGroup>
  <ItemGroup>
    <ClCompile Include="source\main.cpp">
      <Filter>Source Files</Filter>
    </ClCompile>
    <ClCompile Include="source\glad.c">
      <Filter>Source Files</Filter>
    </ClCompile>
    <ClCompile Include="source\cCameraManager.cpp">
      <Filter>Camera</Filter>
    </ClCompile>
    <ClCompile Include="source\cRenderModel.cpp">
      <Filter>Render System\Model</Filter>
    </ClCompile>
    <ClCompile Include="include\imgui\imgui.cpp">
      <Filter>imgui</Filter>
    </ClCompile>
    <ClCompile Include="include\imgui\imgui_demo.cpp">
      <Filter>imgui</Filter>
    </ClCompile>
    <ClCompile Include="include\imgui\imgui_draw.cpp">
      <Filter>imgui</Filter>
    </ClCompile>
    <ClCompile Include="include\imgui\imgui_impl_glfw.cpp">
      <Filter>imgui</Filter>
    </ClCompile>
    <ClCompile Include="include\imgui\imgui_impl_opengl3.cpp">
      <Filter>imgui</Filter>
    </ClCompile>
    <ClCompile Include="include\imgui\imgui_tables.cpp">
      <Filter>imgui</Filter>
    </ClCompile>
    <ClCompile Include="include\imgui\imgui_widgets.cpp">
      <Filter>imgui</Filter>
    </ClCompile>
    <ClCompile Include="source\cLightManager.cpp">
      <Filter>Light</Filter>
    </ClCompile>
    <ClCompile Include="source\cAnimationManager.cpp">
      <Filter>Animation</Filter>
    </ClCompile>
    <ClCompile Include="source\cMapManager.cpp">
      <Filter>Map</Filter>
    </ClCompile>
    <ClCompile Include="source\cRenderManager.cpp">
      <Filter>Render System</Filter>
    </ClCompile>
    <ClCompile Include="source\cSpriteModel.cpp">
      <Filter>Render System\Model</Filter>
    </ClCompile>
    <ClCompile Include="source\cLinearCongruentialGenerator.cpp">
      <Filter>RNG</Filter>
    </ClCompile>
    <ClCompile Include="source\cParticleSpawner.cpp">
      <Filter>Particles</Filter>
    </ClCompile>
    <ClCompile Include="source\cAnimatedModel.cpp">
      <Filter>Render System\Model</Filter>
    </ClCompile>
    <ClCompile Include="source\cAnimation.cpp">
      <Filter>Animation</Filter>
    </ClCompile>
    <ClCompile Include="source\cUIManager.cpp">
      <Filter>UI</Filter>
    </ClCompile>
    <ClCompile Include="source\UIWidgets.cpp">
      <Filter>UI</Filter>
    </ClCompile>
    <ClCompile Include="source\cSceneManager.cpp">
      <Filter>Scene</Filter>
    </ClCompile>
    <ClCompile Include="source\PokemonData.cpp">
      <Filter>Globals</Filter>
    </ClCompile>
    <ClCompile Include="source\cEntity.cpp">
      <Filter>Entity</Filter>
    </ClCompile>
    <ClCompile Include="source\CharacterSprite.cpp">
      <Filter>Entity\Character</Filter>
    </ClCompile>
    <ClCompile Include="source\cCharacterEntity.cpp">
      <Filter>Entity\Character</Filter>
    </ClCompile>
    <ClCompile Include="source\cWildRoamingPokemon.cpp">
      <Filter>Entity\Character</Filter>
    </ClCompile>
    <ClCompile Include="source\cPlayerEntity.cpp">
      <Filter>Entity\Character</Filter>
    </ClCompile>
    <ClCompile Include="source\cTamedRoamingPokemon.cpp">
      <Filter>Entity\Character</Filter>
    </ClCompile>
    <ClCompile Include="source\Player.cpp">
      <Filter>Globals</Filter>
    </ClCompile>
    <ClCompile Include="source\Engine.cpp">
      <Filter>Globals</Filter>
    </ClCompile>
    <ClCompile Include="source\cInputManager.cpp">
      <Filter>Input</Filter>
    </ClCompile>
    <ClCompile Include="source\CanvasFactory.cpp">
      <Filter>UI</Filter>
    </ClCompile>
  </ItemGroup>
  <ItemGroup>
    <ClInclude Include="source\cRenderModel.h">
      <Filter>Render System\Model</Filter>
    </ClInclude>
    <ClInclude Include="source\cCameraManager.h">
      <Filter>Camera</Filter>
    </ClInclude>
    <ClInclude Include="source\DrawInfo.h">
      <Filter>Render System\Model</Filter>
    </ClInclude>
    <ClInclude Include="include\imgui\imconfig.h">
      <Filter>imgui</Filter>
    </ClInclude>
    <ClInclude Include="include\imgui\imgui.h">
      <Filter>imgui</Filter>
    </ClInclude>
    <ClInclude Include="include\imgui\imgui_impl_glfw.h">
      <Filter>imgui</Filter>
    </ClInclude>
    <ClInclude Include="include\imgui\imgui_impl_opengl3.h">
      <Filter>imgui</Filter>
    </ClInclude>
    <ClInclude Include="include\imgui\imgui_impl_opengl3_loader.h">
      <Filter>imgui</Filter>
    </ClInclude>
    <ClInclude Include="include\imgui\imgui_internal.h">
      <Filter>imgui</Filter>
    </ClInclude>
    <ClInclude Include="include\imgui\imstb_rectpack.h">
      <Filter>imgui</Filter>
    </ClInclude>
    <ClInclude Include="include\imgui\imstb_textedit.h">
      <Filter>imgui</Filter>
    </ClInclude>
    <ClInclude Include="include\imgui\imstb_truetype.h">
      <Filter>imgui</Filter>
    </ClInclude>
    <ClInclude Include="source\cLightManager.h">
      <Filter>Light</Filter>
    </ClInclude>
    <ClInclude Include="source\cSceneManager.h">
      <Filter>Scene</Filter>
    </ClInclude>
    <ClInclude Include="source\cAnimation.h">
      <Filter>Animation</Filter>
    </ClInclude>
    <ClInclude Include="source\cAnimationManager.h">
      <Filter>Animation</Filter>
    </ClInclude>
    <ClInclude Include="source\cMapManager.h">
      <Filter>Map</Filter>
    </ClInclude>
    <ClInclude Include="source\cRenderManager.h">
      <Filter>Render System</Filter>
    </ClInclude>
    <ClInclude Include="source\cSpriteModel.h">
      <Filter>Render System\Model</Filter>
    </ClInclude>
    <ClInclude Include="source\cRandomNumberGenerator.h">
      <Filter>RNG</Filter>
    </ClInclude>
    <ClInclude Include="source\cLinearCongruentialGenerator.h">
      <Filter>RNG</Filter>
    </ClInclude>
    <ClInclude Include="source\cParticleSpawner.h">
      <Filter>Particles</Filter>
    </ClInclude>
    <ClInclude Include="source\cAnimatedModel.h">
      <Filter>Render System\Model</Filter>
    </ClInclude>
    <ClInclude Include="source\cUIManager.h">
      <Filter>UI</Filter>
    </ClInclude>
    <ClInclude Include="source\UIWidgets.h">
      <Filter>UI</Filter>
    </ClInclude>
    <ClInclude Include="source\PokemonData.h">
      <Filter>Globals</Filter>
    </ClInclude>
    <ClInclude Include="source\cEntity.h">
      <Filter>Entity</Filter>
    </ClInclude>
    <ClInclude Include="source\CharacterSprite.h">
      <Filter>Entity\Character</Filter>
    </ClInclude>
    <ClInclude Include="source\cCharacterEntity.h">
      <Filter>Entity\Character</Filter>
    </ClInclude>
    <ClInclude Include="source\cWildRoamingPokemon.h">
      <Filter>Entity\Character</Filter>
    </ClInclude>
    <ClInclude Include="source\cTamedRoamingPokemon.h">
      <Filter>Entity\Character</Filter>
    </ClInclude>
    <ClInclude Include="source\cPlayerEntity.h">
      <Filter>Entity\Character</Filter>
    </ClInclude>
    <ClInclude Include="source\Player.h">
      <Filter>Globals</Filter>
    </ClInclude>
    <ClInclude Include="source\Engine.h">
      <Filter>Globals</Filter>
    </ClInclude>
    <ClInclude Include="source\cInputManager.h">
      <Filter>Input</Filter>
    </ClInclude>
    <ClInclude Include="source\CanvasFactory.h">
      <Filter>UI</Filter>
    </ClInclude>
  </ItemGroup>
  <ItemGroup>
    <None Include="assets\shaders\FragShader1.glsl">
      <Filter>Shaders</Filter>
    </None>
    <None Include="assets\shaders\VertShader1.glsl">
      <Filter>Shaders</Filter>
    </None>
    <None Include="assets\shaders\SkyboxFragShader.glsl">
      <Filter>Shaders</Filter>
    </None>
    <None Include="assets\shaders\SkyboxVertShader.glsl">
      <Filter>Shaders</Filter>
    </None>
    <None Include="assets\shaders\DebugFragShader.glsl">
      <Filter>Shaders</Filter>
    </None>
    <None Include="assets\shaders\DebugVertShader.glsl">
      <Filter>Shaders</Filter>
    </None>
    <None Include="assets\shaders\SpriteVertShader.glsl">
      <Filter>Shaders</Filter>
    </None>
    <None Include="assets\shaders\WaveFragShader.glsl">
      <Filter>Shaders</Filter>
    </None>
    <None Include="assets\shaders\WaveVertShader.glsl">
      <Filter>Shaders</Filter>
    </None>
    <None Include="assets\shaders\OceanFragShader.glsl">
      <Filter>Shaders</Filter>
    </None>
    <None Include="assets\shaders\OceanVertShader.glsl">
      <Filter>Shaders</Filter>
    </None>
    <None Include="assets\shaders\2DSnowFragShader.glsl">
      <Filter>Shaders</Filter>
    </None>
    <None Include="assets\shaders\2DSnowVertShader.glsl">
      <Filter>Shaders</Filter>
    </None>
    <None Include="assets\shaders\FoamFragShader.glsl">
      <Filter>Shaders</Filter>
    </None>
    <None Include="assets\shaders\FoamVertShader.glsl">
      <Filter>Shaders</Filter>
    </None>
    <None Include="assets\shaders\3DParticleVertShader.glsl">
      <Filter>Shaders</Filter>
    </None>
    <None Include="assets\shaders\SnowFragShader.glsl">
      <Filter>Shaders</Filter>
    </None>
    <None Include="assets\shaders\SnowVertShader.glsl">
      <Filter>Shaders</Filter>
    </None>
    <None Include="assets\shaders\TreeVertShader.glsl">
      <Filter>Shaders</Filter>
    </None>
    <None Include="assets\shaders\UIFragShader.glsl">
      <Filter>Shaders</Filter>
    </None>
    <None Include="assets\shaders\UIVertShader.glsl">
      <Filter>Shaders</Filter>
    </None>
    <None Include="assets\shaders\TextVertShader.glsl">
      <Filter>Shaders</Filter>
    </None>
    <None Include="assets\shaders\TextFragShader.glsl">
      <Filter>Shaders</Filter>
    </None>
  </ItemGroup>
</Project>