<?xml version="1.0" encoding="utf-8"?>
<Project ToolsVersion="4.0" xmlns="http://schemas.microsoft.com/developer/msbuild/2003">
  <ItemGroup>
    <Filter Include="Source Files">
      <UniqueIdentifier>{4FC737F1-C7A5-4376-A066-2A32D752A2FF}</UniqueIdentifier>
      <Extensions>cpp;c;cc;cxx;c++;cppm;ixx;def;odl;idl;hpj;bat;asm;asmx</Extensions>
    </Filter>
    <Filter Include="Header Files">
      <UniqueIdentifier>{93995380-89BD-4b04-88EB-625FBE52EBFB}</UniqueIdentifier>
      <Extensions>h;hh;hpp;hxx;h++;hm;inl;inc;ipp;xsd</Extensions>
    </Filter>
    <Filter Include="Resource Files">
      <UniqueIdentifier>{67DA6AB6-F800-4c08-8B7A-83BB121AAD01}</UniqueIdentifier>
      <Extensions>rc;ico;cur;bmp;dlg;rc2;rct;bin;rgs;gif;jpg;jpeg;jpe;resx;tiff;tif;png;wav;mfcribbon-ms</Extensions>
    </Filter>
    <Filter Include="Globals">
      <UniqueIdentifier>{b7be64d0-52aa-426e-aa16-5f7ce6c06a9d}</UniqueIdentifier>
    </Filter>
    <Filter Include="Texture">
      <UniqueIdentifier>{e9ef2838-107a-4676-a711-599e99ec7ad1}</UniqueIdentifier>
    </Filter>
    <Filter Include="Model">
      <UniqueIdentifier>{3973b097-7a50-4520-919d-6df2c87a0550}</UniqueIdentifier>
    </Filter>
    <Filter Include="Camera">
      <UniqueIdentifier>{c6f38401-7c8c-47e6-8415-590048876612}</UniqueIdentifier>
    </Filter>
    <Filter Include="imgui">
      <UniqueIdentifier>{ec0e2d7b-a239-4d8f-aa6e-7158385118eb}</UniqueIdentifier>
    </Filter>
    <Filter Include="Light">
      <UniqueIdentifier>{8bc6992c-82fe-43e5-8b2f-eda3b779c110}</UniqueIdentifier>
    </Filter>
    <Filter Include="Scene">
      <UniqueIdentifier>{fd6bf510-492b-421a-b828-58ab23b0b5ae}</UniqueIdentifier>
    </Filter>
    <Filter Include="Animation">
      <UniqueIdentifier>{dccddf09-2992-4ad2-956e-7a568a22d87d}</UniqueIdentifier>
    </Filter>
    <Filter Include="Character">
      <UniqueIdentifier>{2cda900d-6d06-49b2-916b-ee5c17f14b47}</UniqueIdentifier>
    </Filter>
    <Filter Include="Map">
      <UniqueIdentifier>{766c04b9-247a-4af6-a2ce-ba43a5e1401b}</UniqueIdentifier>
    </Filter>
    <Filter Include="Render System">
      <UniqueIdentifier>{d4746e6d-f728-402c-98e1-074f6728043c}</UniqueIdentifier>
    </Filter>
    <Filter Include="Weather">
      <UniqueIdentifier>{1ec55a6f-951b-4529-b104-1e326af473a5}</UniqueIdentifier>
    </Filter>
    <Filter Include="RNG">
      <UniqueIdentifier>{bd7bea6c-773a-4d41-be8e-bd0804d08edc}</UniqueIdentifier>
    </Filter>
    <Filter Include="Particles">
      <UniqueIdentifier>{311beb57-ae00-4139-b099-2e3c18a44a46}</UniqueIdentifier>
    </Filter>
  </ItemGroup>
  <ItemGroup>
    <ClCompile Include="main.cpp">
      <Filter>Source Files</Filter>
    </ClCompile>
    <ClCompile Include="glad.c">
      <Filter>Source Files</Filter>
    </ClCompile>
    <ClCompile Include="Global.cpp">
      <Filter>Globals</Filter>
    </ClCompile>
    <ClCompile Include="StartUp.cpp">
      <Filter>Globals</Filter>
    </ClCompile>
    <ClCompile Include="Shutdown.cpp">
      <Filter>Globals</Filter>
    </ClCompile>
    <ClCompile Include="cTextureManager.cpp">
      <Filter>Texture</Filter>
    </ClCompile>
    <ClCompile Include="cCamera.cpp">
      <Filter>Camera</Filter>
    </ClCompile>
    <ClCompile Include="cModelManager.cpp">
      <Filter>Model</Filter>
    </ClCompile>
    <ClCompile Include="cRenderModel.cpp">
      <Filter>Model</Filter>
    </ClCompile>
    <ClCompile Include="include\imgui\imgui.cpp">
      <Filter>imgui</Filter>
    </ClCompile>
    <ClCompile Include="include\imgui\imgui_demo.cpp">
      <Filter>imgui</Filter>
    </ClCompile>
    <ClCompile Include="include\imgui\imgui_draw.cpp">
      <Filter>imgui</Filter>
    </ClCompile>
    <ClCompile Include="include\imgui\imgui_impl_glfw.cpp">
      <Filter>imgui</Filter>
    </ClCompile>
    <ClCompile Include="include\imgui\imgui_impl_opengl3.cpp">
      <Filter>imgui</Filter>
    </ClCompile>
    <ClCompile Include="include\imgui\imgui_tables.cpp">
      <Filter>imgui</Filter>
    </ClCompile>
    <ClCompile Include="include\imgui\imgui_widgets.cpp">
      <Filter>imgui</Filter>
    </ClCompile>
    <ClCompile Include="cLightManager.cpp">
      <Filter>Light</Filter>
    </ClCompile>
    <ClCompile Include="cModelAnimation.cpp">
      <Filter>Animation</Filter>
    </ClCompile>
    <ClCompile Include="cSpriteAnimation.cpp">
      <Filter>Animation</Filter>
    </ClCompile>
    <ClCompile Include="cAnimationManager.cpp">
      <Filter>Animation</Filter>
    </ClCompile>
    <ClCompile Include="cCharacter.cpp">
      <Filter>Character</Filter>
    </ClCompile>
    <ClCompile Include="cSpecialCharacter.cpp">
      <Filter>Character</Filter>
    </ClCompile>
    <ClCompile Include="cMapManager.cpp">
      <Filter>Map</Filter>
    </ClCompile>
    <ClCompile Include="cSinAnimation.cpp">
      <Filter>Animation</Filter>
    </ClCompile>
    <ClCompile Include="cRenderManager.cpp">
      <Filter>Render System</Filter>
    </ClCompile>
    <ClCompile Include="cSpriteModel.cpp">
      <Filter>Model</Filter>
    </ClCompile>
    <ClCompile Include="cWaveModel.cpp">
      <Filter>Model</Filter>
    </ClCompile>
    <ClCompile Include="cOceanModel.cpp">
      <Filter>Model</Filter>
    </ClCompile>
    <ClCompile Include="cWeatherManager.cpp">
      <Filter>Weather</Filter>
    </ClCompile>
    <ClCompile Include="cLinearCongruentialGenerator.cpp">
      <Filter>RNG</Filter>
    </ClCompile>
    <ClCompile Include="cFloatAnimation.cpp">
      <Filter>Animation</Filter>
    </ClCompile>
    <ClCompile Include="cFoamModel.cpp">
      <Filter>Model</Filter>
    </ClCompile>
    <ClCompile Include="cParticleSpawner.cpp">
      <Filter>Particles</Filter>
    </ClCompile>
    <ClCompile Include="cParticleManager.cpp">
      <Filter>Particles</Filter>
    </ClCompile>
    <ClCompile Include="cPlayerCharacter.cpp">
      <Filter>Character</Filter>
    </ClCompile>
  </ItemGroup>
  <ItemGroup>
    <ClInclude Include="Global.h">
      <Filter>Globals</Filter>
    </ClInclude>
    <ClInclude Include="cTextureManager.h">
      <Filter>Texture</Filter>
    </ClInclude>
    <ClInclude Include="cRenderModel.h">
      <Filter>Model</Filter>
    </ClInclude>
    <ClInclude Include="cCamera.h">
      <Filter>Camera</Filter>
    </ClInclude>
    <ClInclude Include="DrawInfo.h">
      <Filter>Model</Filter>
    </ClInclude>
    <ClInclude Include="cModelManager.h">
      <Filter>Model</Filter>
    </ClInclude>
    <ClInclude Include="include\imgui\imconfig.h">
      <Filter>imgui</Filter>
    </ClInclude>
    <ClInclude Include="include\imgui\imgui.h">
      <Filter>imgui</Filter>
    </ClInclude>
    <ClInclude Include="include\imgui\imgui_impl_glfw.h">
      <Filter>imgui</Filter>
    </ClInclude>
    <ClInclude Include="include\imgui\imgui_impl_opengl3.h">
      <Filter>imgui</Filter>
    </ClInclude>
    <ClInclude Include="include\imgui\imgui_impl_opengl3_loader.h">
      <Filter>imgui</Filter>
    </ClInclude>
    <ClInclude Include="include\imgui\imgui_internal.h">
      <Filter>imgui</Filter>
    </ClInclude>
    <ClInclude Include="include\imgui\imstb_rectpack.h">
      <Filter>imgui</Filter>
    </ClInclude>
    <ClInclude Include="include\imgui\imstb_textedit.h">
      <Filter>imgui</Filter>
    </ClInclude>
    <ClInclude Include="include\imgui\imstb_truetype.h">
      <Filter>imgui</Filter>
    </ClInclude>
    <ClInclude Include="cLightManager.h">
      <Filter>Light</Filter>
    </ClInclude>
    <ClInclude Include="cSceneManager.h">
      <Filter>Scene</Filter>
    </ClInclude>
    <ClInclude Include="cAnimation.h">
      <Filter>Animation</Filter>
    </ClInclude>
    <ClInclude Include="cSpriteAnimation.h">
      <Filter>Animation</Filter>
    </ClInclude>
    <ClInclude Include="cModelAnimation.h">
      <Filter>Animation</Filter>
    </ClInclude>
    <ClInclude Include="cAnimationManager.h">
      <Filter>Animation</Filter>
    </ClInclude>
    <ClInclude Include="cSpecialCharacter.h">
      <Filter>Character</Filter>
    </ClInclude>
    <ClInclude Include="cCharacter.h">
      <Filter>Character</Filter>
    </ClInclude>
    <ClInclude Include="cMapManager.h">
      <Filter>Map</Filter>
    </ClInclude>
    <ClInclude Include="cSinAnimation.h">
      <Filter>Animation</Filter>
    </ClInclude>
    <ClInclude Include="cRenderManager.h">
      <Filter>Render System</Filter>
    </ClInclude>
    <ClInclude Include="cSpriteModel.h">
      <Filter>Model</Filter>
    </ClInclude>
    <ClInclude Include="cWaveModel.h">
      <Filter>Model</Filter>
    </ClInclude>
    <ClInclude Include="cOceanModel.h">
      <Filter>Model</Filter>
    </ClInclude>
    <ClInclude Include="cWeatherManager.h">
      <Filter>Weather</Filter>
    </ClInclude>
    <ClInclude Include="cRandomNumberGenerator.h">
      <Filter>RNG</Filter>
    </ClInclude>
    <ClInclude Include="cLinearCongruentialGenerator.h">
      <Filter>RNG</Filter>
    </ClInclude>
    <ClInclude Include="cFloatAnimation.h">
      <Filter>Animation</Filter>
    </ClInclude>
    <ClInclude Include="cFoamModel.h">
      <Filter>Model</Filter>
    </ClInclude>
    <ClInclude Include="cParticleSpawner.h">
      <Filter>Particles</Filter>
    </ClInclude>
    <ClInclude Include="cParticleManager.h">
      <Filter>Particles</Filter>
    </ClInclude>
    <ClInclude Include="cPlayerCharacter.h">
      <Filter>Character</Filter>
    </ClInclude>
  </ItemGroup>
  <ItemGroup>
    <None Include="assets\shaders\FragShader1.glsl">
      <Filter>Resource Files</Filter>
    </None>
    <None Include="assets\shaders\VertShader1.glsl">
      <Filter>Resource Files</Filter>
    </None>
    <None Include="assets\shaders\SkyboxFragShader.glsl">
      <Filter>Resource Files</Filter>
    </None>
    <None Include="assets\shaders\SkyboxVertShader.glsl">
      <Filter>Resource Files</Filter>
    </None>
    <None Include="assets\shaders\DebugFragShader.glsl">
      <Filter>Resource Files</Filter>
    </None>
    <None Include="assets\shaders\DebugVertShader.glsl">
      <Filter>Resource Files</Filter>
    </None>
    <None Include="assets\shaders\SpriteFragShader.glsl">
      <Filter>Resource Files</Filter>
    </None>
    <None Include="assets\shaders\SpriteVertShader.glsl">
      <Filter>Resource Files</Filter>
    </None>
    <None Include="assets\shaders\WaveFragShader.glsl">
      <Filter>Resource Files</Filter>
    </None>
    <None Include="assets\shaders\WaveVertShader.glsl">
      <Filter>Resource Files</Filter>
    </None>
    <None Include="assets\shaders\OceanFragShader.glsl">
      <Filter>Resource Files</Filter>
    </None>
    <None Include="assets\shaders\OceanVertShader.glsl">
      <Filter>Resource Files</Filter>
    </None>
    <None Include="assets\shaders\2DSnowFragShader.glsl">
      <Filter>Resource Files</Filter>
    </None>
    <None Include="assets\shaders\2DSnowVertShader.glsl">
      <Filter>Resource Files</Filter>
    </None>
    <None Include="assets\shaders\FoamFragShader.glsl">
      <Filter>Resource Files</Filter>
    </None>
    <None Include="assets\shaders\FoamVertShader.glsl">
      <Filter>Resource Files</Filter>
    </None>
    <None Include="assets\shaders\3DParticleFragShader.glsl">
      <Filter>Resource Files</Filter>
    </None>
    <None Include="assets\shaders\3DParticleVertShader.glsl">
      <Filter>Resource Files</Filter>
    </None>
    <None Include="assets\shaders\SnowFragShader.glsl">
      <Filter>Resource Files</Filter>
    </None>
    <None Include="assets\shaders\SnowVertShader.glsl">
      <Filter>Resource Files</Filter>
    </None>
  </ItemGroup>
</Project>